// !$*UTF8*$!
{
	archiveVersion = 1;
	classes = {
	};
	objectVersion = 50;
	objects = {

/* Begin PBXBuildFile section */
		639D8794231709E400458C89 /* AppDelegate.swift in Sources */ = {isa = PBXBuildFile; fileRef = 639D8793231709E400458C89 /* AppDelegate.swift */; };
		639D8796231709E400458C89 /* SceneDelegate.swift in Sources */ = {isa = PBXBuildFile; fileRef = 639D8795231709E400458C89 /* SceneDelegate.swift */; };
		639D8798231709E400458C89 /* ViewController.swift in Sources */ = {isa = PBXBuildFile; fileRef = 639D8797231709E400458C89 /* ViewController.swift */; };
		639D879B231709E400458C89 /* Main.storyboard in Resources */ = {isa = PBXBuildFile; fileRef = 639D8799231709E400458C89 /* Main.storyboard */; };
		639D879D231709E600458C89 /* Assets.xcassets in Resources */ = {isa = PBXBuildFile; fileRef = 639D879C231709E600458C89 /* Assets.xcassets */; };
		639D87A0231709E600458C89 /* LaunchScreen.storyboard in Resources */ = {isa = PBXBuildFile; fileRef = 639D879E231709E600458C89 /* LaunchScreen.storyboard */; };
		639D87AE23170B9000458C89 /* Media.xcassets in Resources */ = {isa = PBXBuildFile; fileRef = 639D87AD23170B9000458C89 /* Media.xcassets */; };
		639D87B023170B9000458C89 /* ActionViewController.swift in Sources */ = {isa = PBXBuildFile; fileRef = 639D87AF23170B9000458C89 /* ActionViewController.swift */; };
		639D87B323170B9000458C89 /* MainInterface.storyboard in Resources */ = {isa = PBXBuildFile; fileRef = 639D87B123170B9000458C89 /* MainInterface.storyboard */; };
		639D87B723170B9000458C89 /* Extension.appex in Embed App Extensions */ = {isa = PBXBuildFile; fileRef = 639D87AB23170B9000458C89 /* Extension.appex */; settings = {ATTRIBUTES = (RemoveHeadersOnCopy, ); }; };
		639D87BD23170F0100458C89 /* Action.js in Resources */ = {isa = PBXBuildFile; fileRef = 639D87BC23170F0100458C89 /* Action.js */; };
/* End PBXBuildFile section */

/* Begin PBXContainerItemProxy section */
		639D87B523170B9000458C89 /* PBXContainerItemProxy */ = {
			isa = PBXContainerItemProxy;
			containerPortal = 639D8788231709E400458C89 /* Project object */;
			proxyType = 1;
			remoteGlobalIDString = 639D87AA23170B9000458C89;
			remoteInfo = Extension;
		};
/* End PBXContainerItemProxy section */

/* Begin PBXCopyFilesBuildPhase section */
		639D87BB23170B9000458C89 /* Embed App Extensions */ = {
			isa = PBXCopyFilesBuildPhase;
			buildActionMask = 2147483647;
			dstPath = "";
			dstSubfolderSpec = 13;
			files = (
				639D87B723170B9000458C89 /* Extension.appex in Embed App Extensions */,
			);
			name = "Embed App Extensions";
			runOnlyForDeploymentPostprocessing = 0;
		};
/* End PBXCopyFilesBuildPhase section */

/* Begin PBXFileReference section */
		639D8790231709E400458C89 /* Project19.app */ = {isa = PBXFileReference; explicitFileType = wrapper.application; includeInIndex = 0; path = Project19.app; sourceTree = BUILT_PRODUCTS_DIR; };
		639D8793231709E400458C89 /* AppDelegate.swift */ = {isa = PBXFileReference; lastKnownFileType = sourcecode.swift; path = AppDelegate.swift; sourceTree = "<group>"; };
		639D8795231709E400458C89 /* SceneDelegate.swift */ = {isa = PBXFileReference; lastKnownFileType = sourcecode.swift; path = SceneDelegate.swift; sourceTree = "<group>"; };
		639D8797231709E400458C89 /* ViewController.swift */ = {isa = PBXFileReference; lastKnownFileType = sourcecode.swift; path = ViewController.swift; sourceTree = "<group>"; };
		639D879A231709E400458C89 /* Base */ = {isa = PBXFileReference; lastKnownFileType = file.storyboard; name = Base; path = Base.lproj/Main.storyboard; sourceTree = "<group>"; };
		639D879C231709E600458C89 /* Assets.xcassets */ = {isa = PBXFileReference; lastKnownFileType = folder.assetcatalog; path = Assets.xcassets; sourceTree = "<group>"; };
		639D879F231709E600458C89 /* Base */ = {isa = PBXFileReference; lastKnownFileType = file.storyboard; name = Base; path = Base.lproj/LaunchScreen.storyboard; sourceTree = "<group>"; };
		639D87A1231709E600458C89 /* Info.plist */ = {isa = PBXFileReference; lastKnownFileType = text.plist.xml; path = Info.plist; sourceTree = "<group>"; };
		639D87AB23170B9000458C89 /* Extension.appex */ = {isa = PBXFileReference; explicitFileType = "wrapper.app-extension"; includeInIndex = 0; path = Extension.appex; sourceTree = BUILT_PRODUCTS_DIR; };
		639D87AD23170B9000458C89 /* Media.xcassets */ = {isa = PBXFileReference; lastKnownFileType = folder.assetcatalog; path = Media.xcassets; sourceTree = "<group>"; };
		639D87AF23170B9000458C89 /* ActionViewController.swift */ = {isa = PBXFileReference; lastKnownFileType = sourcecode.swift; path = ActionViewController.swift; sourceTree = "<group>"; };
		639D87B223170B9000458C89 /* Base */ = {isa = PBXFileReference; lastKnownFileType = file.storyboard; name = Base; path = Base.lproj/MainInterface.storyboard; sourceTree = "<group>"; };
		639D87B423170B9000458C89 /* Info.plist */ = {isa = PBXFileReference; lastKnownFileType = text.plist.xml; path = Info.plist; sourceTree = "<group>"; };
		639D87BC23170F0100458C89 /* Action.js */ = {isa = PBXFileReference; lastKnownFileType = sourcecode.javascript; path = Action.js; sourceTree = "<group>"; };
/* End PBXFileReference section */

/* Begin PBXFrameworksBuildPhase section */
		639D878D231709E400458C89 /* Frameworks */ = {
			isa = PBXFrameworksBuildPhase;
			buildActionMask = 2147483647;
			files = (
			);
			runOnlyForDeploymentPostprocessing = 0;
		};
		639D87A823170B9000458C89 /* Frameworks */ = {
			isa = PBXFrameworksBuildPhase;
			buildActionMask = 2147483647;
			files = (
			);
			runOnlyForDeploymentPostprocessing = 0;
		};
/* End PBXFrameworksBuildPhase section */

/* Begin PBXGroup section */
		639D8787231709E400458C89 = {
			isa = PBXGroup;
			children = (
				639D8792231709E400458C89 /* Project19 */,
				639D87AC23170B9000458C89 /* Extension */,
				639D8791231709E400458C89 /* Products */,
			);
			sourceTree = "<group>";
		};
		639D8791231709E400458C89 /* Products */ = {
			isa = PBXGroup;
			children = (
				639D8790231709E400458C89 /* Project19.app */,
				639D87AB23170B9000458C89 /* Extension.appex */,
			);
			name = Products;
			sourceTree = "<group>";
		};
		639D8792231709E400458C89 /* Project19 */ = {
			isa = PBXGroup;
			children = (
				639D8793231709E400458C89 /* AppDelegate.swift */,
				639D8795231709E400458C89 /* SceneDelegate.swift */,
				639D8797231709E400458C89 /* ViewController.swift */,
				639D8799231709E400458C89 /* Main.storyboard */,
				639D879C231709E600458C89 /* Assets.xcassets */,
				639D879E231709E600458C89 /* LaunchScreen.storyboard */,
				639D87A1231709E600458C89 /* Info.plist */,
			);
			path = Project19;
			sourceTree = "<group>";
		};
		639D87AC23170B9000458C89 /* Extension */ = {
			isa = PBXGroup;
			children = (
				639D87AD23170B9000458C89 /* Media.xcassets */,
				639D87AF23170B9000458C89 /* ActionViewController.swift */,
				639D87B123170B9000458C89 /* MainInterface.storyboard */,
				639D87B423170B9000458C89 /* Info.plist */,
				639D87BC23170F0100458C89 /* Action.js */,
			);
			path = Extension;
			sourceTree = "<group>";
		};
/* End PBXGroup section */

/* Begin PBXNativeTarget section */
		639D878F231709E400458C89 /* Project19 */ = {
			isa = PBXNativeTarget;
			buildConfigurationList = 639D87A4231709E600458C89 /* Build configuration list for PBXNativeTarget "Project19" */;
			buildPhases = (
				639D878C231709E400458C89 /* Sources */,
				639D878D231709E400458C89 /* Frameworks */,
				639D878E231709E400458C89 /* Resources */,
				639D87BB23170B9000458C89 /* Embed App Extensions */,
			);
			buildRules = (
			);
			dependencies = (
				639D87B623170B9000458C89 /* PBXTargetDependency */,
			);
			name = Project19;
			productName = Project19;
			productReference = 639D8790231709E400458C89 /* Project19.app */;
			productType = "com.apple.product-type.application";
		};
		639D87AA23170B9000458C89 /* Extension */ = {
			isa = PBXNativeTarget;
			buildConfigurationList = 639D87B823170B9000458C89 /* Build configuration list for PBXNativeTarget "Extension" */;
			buildPhases = (
				639D87A723170B9000458C89 /* Sources */,
				639D87A823170B9000458C89 /* Frameworks */,
				639D87A923170B9000458C89 /* Resources */,
			);
			buildRules = (
			);
			dependencies = (
			);
			name = Extension;
			productName = Extension;
			productReference = 639D87AB23170B9000458C89 /* Extension.appex */;
			productType = "com.apple.product-type.app-extension";
		};
/* End PBXNativeTarget section */

/* Begin PBXProject section */
		639D8788231709E400458C89 /* Project object */ = {
			isa = PBXProject;
			attributes = {
				LastSwiftUpdateCheck = 1100;
				LastUpgradeCheck = 1100;
				ORGANIZATIONNAME = "Go Incremental";
				TargetAttributes = {
					639D878F231709E400458C89 = {
						CreatedOnToolsVersion = 11.0;
					};
					639D87AA23170B9000458C89 = {
						CreatedOnToolsVersion = 11.0;
					};
				};
			};
			buildConfigurationList = 639D878B231709E400458C89 /* Build configuration list for PBXProject "Project19" */;
			compatibilityVersion = "Xcode 9.3";
			developmentRegion = en;
			hasScannedForEncodings = 0;
			knownRegions = (
				en,
				Base,
			);
			mainGroup = 639D8787231709E400458C89;
			productRefGroup = 639D8791231709E400458C89 /* Products */;
			projectDirPath = "";
			projectRoot = "";
			targets = (
				639D878F231709E400458C89 /* Project19 */,
				639D87AA23170B9000458C89 /* Extension */,
			);
		};
/* End PBXProject section */

/* Begin PBXResourcesBuildPhase section */
		639D878E231709E400458C89 /* Resources */ = {
			isa = PBXResourcesBuildPhase;
			buildActionMask = 2147483647;
			files = (
				639D87A0231709E600458C89 /* LaunchScreen.storyboard in Resources */,
				639D879D231709E600458C89 /* Assets.xcassets in Resources */,
				639D879B231709E400458C89 /* Main.storyboard in Resources */,
			);
			runOnlyForDeploymentPostprocessing = 0;
		};
		639D87A923170B9000458C89 /* Resources */ = {
			isa = PBXResourcesBuildPhase;
			buildActionMask = 2147483647;
			files = (
				639D87BD23170F0100458C89 /* Action.js in Resources */,
				639D87AE23170B9000458C89 /* Media.xcassets in Resources */,
				639D87B323170B9000458C89 /* MainInterface.storyboard in Resources */,
			);
			runOnlyForDeploymentPostprocessing = 0;
		};
/* End PBXResourcesBuildPhase section */

/* Begin PBXSourcesBuildPhase section */
		639D878C231709E400458C89 /* Sources */ = {
			isa = PBXSourcesBuildPhase;
			buildActionMask = 2147483647;
			files = (
				639D8798231709E400458C89 /* ViewController.swift in Sources */,
				639D8794231709E400458C89 /* AppDelegate.swift in Sources */,
				639D8796231709E400458C89 /* SceneDelegate.swift in Sources */,
			);
			runOnlyForDeploymentPostprocessing = 0;
		};
		639D87A723170B9000458C89 /* Sources */ = {
			isa = PBXSourcesBuildPhase;
			buildActionMask = 2147483647;
			files = (
				639D87B023170B9000458C89 /* ActionViewController.swift in Sources */,
			);
			runOnlyForDeploymentPostprocessing = 0;
		};
/* End PBXSourcesBuildPhase section */

/* Begin PBXTargetDependency section */
		639D87B623170B9000458C89 /* PBXTargetDependency */ = {
			isa = PBXTargetDependency;
			target = 639D87AA23170B9000458C89 /* Extension */;
			targetProxy = 639D87B523170B9000458C89 /* PBXContainerItemProxy */;
		};
/* End PBXTargetDependency section */

/* Begin PBXVariantGroup section */
		639D8799231709E400458C89 /* Main.storyboard */ = {
			isa = PBXVariantGroup;
			children = (
				639D879A231709E400458C89 /* Base */,
			);
			name = Main.storyboard;
			sourceTree = "<group>";
		};
		639D879E231709E600458C89 /* LaunchScreen.storyboard */ = {
			isa = PBXVariantGroup;
			children = (
				639D879F231709E600458C89 /* Base */,
			);
			name = LaunchScreen.storyboard;
			sourceTree = "<group>";
		};
		639D87B123170B9000458C89 /* MainInterface.storyboard */ = {
			isa = PBXVariantGroup;
			children = (
				639D87B223170B9000458C89 /* Base */,
			);
			name = MainInterface.storyboard;
			sourceTree = "<group>";
		};
/* End PBXVariantGroup section */

/* Begin XCBuildConfiguration section */
		639D87A2231709E600458C89 /* Debug */ = {
			isa = XCBuildConfiguration;
			buildSettings = {
				ALWAYS_SEARCH_USER_PATHS = NO;
				CLANG_ANALYZER_NONNULL = YES;
				CLANG_ANALYZER_NUMBER_OBJECT_CONVERSION = YES_AGGRESSIVE;
				CLANG_CXX_LANGUAGE_STANDARD = "gnu++14";
				CLANG_CXX_LIBRARY = "libc++";
				CLANG_ENABLE_MODULES = YES;
				CLANG_ENABLE_OBJC_ARC = YES;
				CLANG_ENABLE_OBJC_WEAK = YES;
				CLANG_WARN_BLOCK_CAPTURE_AUTORELEASING = YES;
				CLANG_WARN_BOOL_CONVERSION = YES;
				CLANG_WARN_COMMA = YES;
				CLANG_WARN_CONSTANT_CONVERSION = YES;
				CLANG_WARN_DEPRECATED_OBJC_IMPLEMENTATIONS = YES;
				CLANG_WARN_DIRECT_OBJC_ISA_USAGE = YES_ERROR;
				CLANG_WARN_DOCUMENTATION_COMMENTS = YES;
				CLANG_WARN_EMPTY_BODY = YES;
				CLANG_WARN_ENUM_CONVERSION = YES;
				CLANG_WARN_INFINITE_RECURSION = YES;
				CLANG_WARN_INT_CONVERSION = YES;
				CLANG_WARN_NON_LITERAL_NULL_CONVERSION = YES;
				CLANG_WARN_OBJC_IMPLICIT_RETAIN_SELF = YES;
				CLANG_WARN_OBJC_LITERAL_CONVERSION = YES;
				CLANG_WARN_OBJC_ROOT_CLASS = YES_ERROR;
				CLANG_WARN_RANGE_LOOP_ANALYSIS = YES;
				CLANG_WARN_STRICT_PROTOTYPES = YES;
				CLANG_WARN_SUSPICIOUS_MOVE = YES;
				CLANG_WARN_UNGUARDED_AVAILABILITY = YES_AGGRESSIVE;
				CLANG_WARN_UNREACHABLE_CODE = YES;
				CLANG_WARN__DUPLICATE_METHOD_MATCH = YES;
				COPY_PHASE_STRIP = NO;
				DEBUG_INFORMATION_FORMAT = dwarf;
				ENABLE_STRICT_OBJC_MSGSEND = YES;
				ENABLE_TESTABILITY = YES;
				GCC_C_LANGUAGE_STANDARD = gnu11;
				GCC_DYNAMIC_NO_PIC = NO;
				GCC_NO_COMMON_BLOCKS = YES;
				GCC_OPTIMIZATION_LEVEL = 0;
				GCC_PREPROCESSOR_DEFINITIONS = (
					"DEBUG=1",
					"$(inherited)",
				);
				GCC_WARN_64_TO_32_BIT_CONVERSION = YES;
				GCC_WARN_ABOUT_RETURN_TYPE = YES_ERROR;
				GCC_WARN_UNDECLARED_SELECTOR = YES;
				GCC_WARN_UNINITIALIZED_AUTOS = YES_AGGRESSIVE;
				GCC_WARN_UNUSED_FUNCTION = YES;
				GCC_WARN_UNUSED_VARIABLE = YES;
				IPHONEOS_DEPLOYMENT_TARGET = 13.0;
				MTL_ENABLE_DEBUG_INFO = INCLUDE_SOURCE;
				MTL_FAST_MATH = YES;
				ONLY_ACTIVE_ARCH = YES;
				SDKROOT = iphoneos;
				SWIFT_ACTIVE_COMPILATION_CONDITIONS = DEBUG;
				SWIFT_OPTIMIZATION_LEVEL = "-Onone";
			};
			name = Debug;
		};
		639D87A3231709E600458C89 /* Release */ = {
			isa = XCBuildConfiguration;
			buildSettings = {
				ALWAYS_SEARCH_USER_PATHS = NO;
				CLANG_ANALYZER_NONNULL = YES;
				CLANG_ANALYZER_NUMBER_OBJECT_CONVERSION = YES_AGGRESSIVE;
				CLANG_CXX_LANGUAGE_STANDARD = "gnu++14";
				CLANG_CXX_LIBRARY = "libc++";
				CLANG_ENABLE_MODULES = YES;
				CLANG_ENABLE_OBJC_ARC = YES;
				CLANG_ENABLE_OBJC_WEAK = YES;
				CLANG_WARN_BLOCK_CAPTURE_AUTORELEASING = YES;
				CLANG_WARN_BOOL_CONVERSION = YES;
				CLANG_WARN_COMMA = YES;
				CLANG_WARN_CONSTANT_CONVERSION = YES;
				CLANG_WARN_DEPRECATED_OBJC_IMPLEMENTATIONS = YES;
				CLANG_WARN_DIRECT_OBJC_ISA_USAGE = YES_ERROR;
				CLANG_WARN_DOCUMENTATION_COMMENTS = YES;
				CLANG_WARN_EMPTY_BODY = YES;
				CLANG_WARN_ENUM_CONVERSION = YES;
				CLANG_WARN_INFINITE_RECURSION = YES;
				CLANG_WARN_INT_CONVERSION = YES;
				CLANG_WARN_NON_LITERAL_NULL_CONVERSION = YES;
				CLANG_WARN_OBJC_IMPLICIT_RETAIN_SELF = YES;
				CLANG_WARN_OBJC_LITERAL_CONVERSION = YES;
				CLANG_WARN_OBJC_ROOT_CLASS = YES_ERROR;
				CLANG_WARN_RANGE_LOOP_ANALYSIS = YES;
				CLANG_WARN_STRICT_PROTOTYPES = YES;
				CLANG_WARN_SUSPICIOUS_MOVE = YES;
				CLANG_WARN_UNGUARDED_AVAILABILITY = YES_AGGRESSIVE;
				CLANG_WARN_UNREACHABLE_CODE = YES;
				CLANG_WARN__DUPLICATE_METHOD_MATCH = YES;
				COPY_PHASE_STRIP = NO;
				DEBUG_INFORMATION_FORMAT = "dwarf-with-dsym";
				ENABLE_NS_ASSERTIONS = NO;
				ENABLE_STRICT_OBJC_MSGSEND = YES;
				GCC_C_LANGUAGE_STANDARD = gnu11;
				GCC_NO_COMMON_BLOCKS = YES;
				GCC_WARN_64_TO_32_BIT_CONVERSION = YES;
				GCC_WARN_ABOUT_RETURN_TYPE = YES_ERROR;
				GCC_WARN_UNDECLARED_SELECTOR = YES;
				GCC_WARN_UNINITIALIZED_AUTOS = YES_AGGRESSIVE;
				GCC_WARN_UNUSED_FUNCTION = YES;
				GCC_WARN_UNUSED_VARIABLE = YES;
				IPHONEOS_DEPLOYMENT_TARGET = 13.0;
				MTL_ENABLE_DEBUG_INFO = NO;
				MTL_FAST_MATH = YES;
				SDKROOT = iphoneos;
				SWIFT_COMPILATION_MODE = wholemodule;
				SWIFT_OPTIMIZATION_LEVEL = "-O";
				VALIDATE_PRODUCT = YES;
			};
			name = Release;
		};
		639D87A5231709E600458C89 /* Debug */ = {
			isa = XCBuildConfiguration;
			buildSettings = {
				ALWAYS_EMBED_SWIFT_STANDARD_LIBRARIES = YES;
				ASSETCATALOG_COMPILER_APPICON_NAME = AppIcon;
				CODE_SIGN_STYLE = Automatic;
				DEVELOPMENT_TEAM = FEN6WTMSLU;
				INFOPLIST_FILE = Project19/Info.plist;
				LD_RUNPATH_SEARCH_PATHS = (
					"$(inherited)",
					"@executable_path/Frameworks",
				);
				PRODUCT_BUNDLE_IDENTIFIER = com.goincremental.Project19;
				PRODUCT_NAME = "$(TARGET_NAME)";
				SWIFT_VERSION = 5.0;
				TARGETED_DEVICE_FAMILY = "1,2";
			};
			name = Debug;
		};
		639D87A6231709E600458C89 /* Release */ = {
			isa = XCBuildConfiguration;
			buildSettings = {
				ALWAYS_EMBED_SWIFT_STANDARD_LIBRARIES = YES;
				ASSETCATALOG_COMPILER_APPICON_NAME = AppIcon;
				CODE_SIGN_STYLE = Automatic;
				DEVELOPMENT_TEAM = FEN6WTMSLU;
				INFOPLIST_FILE = Project19/Info.plist;
				LD_RUNPATH_SEARCH_PATHS = (
					"$(inherited)",
					"@executable_path/Frameworks",
				);
				PRODUCT_BUNDLE_IDENTIFIER = com.goincremental.Project19;
				PRODUCT_NAME = "$(TARGET_NAME)";
				SWIFT_VERSION = 5.0;
				TARGETED_DEVICE_FAMILY = "1,2";
			};
			name = Release;
		};
		639D87B923170B9000458C89 /* Debug */ = {
			isa = XCBuildConfiguration;
			buildSettings = {
				CODE_SIGN_STYLE = Automatic;
				DEVELOPMENT_TEAM = FEN6WTMSLU;
				INFOPLIST_FILE = Extension/Info.plist;
				LD_RUNPATH_SEARCH_PATHS = (
					"$(inherited)",
					"@executable_path/Frameworks",
					"@executable_path/../../Frameworks",
				);
				PRODUCT_BUNDLE_IDENTIFIER = com.goincremental.Project19.Extension;
				PRODUCT_NAME = "$(TARGET_NAME)";
				SKIP_INSTALL = YES;
				SWIFT_VERSION = 5.0;
				TARGETED_DEVICE_FAMILY = "1,2";
			};
			name = Debug;
		};
		639D87BA23170B9000458C89 /* Release */ = {
			isa = XCBuildConfiguration;
			buildSettings = {
				CODE_SIGN_STYLE = Automatic;
				DEVELOPMENT_TEAM = FEN6WTMSLU;
				INFOPLIST_FILE = Extension/Info.plist;
				LD_RUNPATH_SEARCH_PATHS = (
					"$(inherited)",
					"@executable_path/Frameworks",
					"@executable_path/../../Frameworks",
				);
				PRODUCT_BUNDLE_IDENTIFIER = com.goincremental.Project19.Extension;
				PRODUCT_NAME = "$(TARGET_NAME)";
				SKIP_INSTALL = YES;
				SWIFT_VERSION = 5.0;
				TARGETED_DEVICE_FAMILY = "1,2";
			};
			name = Release;
		};
/* End XCBuildConfiguration section */

/* Begin XCConfigurationList section */
		639D878B231709E400458C89 /* Build configuration list for PBXProject "Project19" */ = {
			isa = XCConfigurationList;
			buildConfigurations = (
				639D87A2231709E600458C89 /* Debug */,
				639D87A3231709E600458C89 /* Release */,
			);
			defaultConfigurationIsVisible = 0;
			defaultConfigurationName = Release;
		};
		639D87A4231709E600458C89 /* Build configuration list for PBXNativeTarget "Project19" */ = {
			isa = XCConfigurationList;
			buildConfigurations = (
				639D87A5231709E600458C89 /* Debug */,
				639D87A6231709E600458C89 /* Release */,
			);
			defaultConfigurationIsVisible = 0;
			defaultConfigurationName = Release;
		};
		639D87B823170B9000458C89 /* Build configuration list for PBXNativeTarget "Extension" */ = {
			isa = XCConfigurationList;
			buildConfigurations = (
				639D87B923170B9000458C89 /* Debug */,
				639D87BA23170B9000458C89 /* Release */,
			);
			defaultConfigurationIsVisible = 0;
			defaultConfigurationName = Release;
		};
/* End XCConfigurationList section */
	};
	rootObject = 639D8788231709E400458C89 /* Project object */;
}
