// !$*UTF8*$!
{
	archiveVersion = 1;
	classes = {
	};
	objectVersion = 50;
	objects = {

/* Begin PBXBuildFile section */
		2E6B5288230ADDF6008BF156 /* GameOver.caf in Resources */ = {isa = PBXBuildFile; fileRef = 2E6B5287230ADDF6008BF156 /* GameOver.caf */; };
		2E6B5290230AE568008BF156 /* Smoke.sks in Resources */ = {isa = PBXBuildFile; fileRef = 2E6B528F230AE568008BF156 /* Smoke.sks */; };
		2E6B5292230AE59E008BF156 /* Mud.sks in Resources */ = {isa = PBXBuildFile; fileRef = 2E6B5291230AE59E008BF156 /* Mud.sks */; };
		63FCB9822309680F00E286EC /* AppDelegate.swift in Sources */ = {isa = PBXBuildFile; fileRef = 63FCB9812309680F00E286EC /* AppDelegate.swift */; };
		63FCB9842309680F00E286EC /* GameScene.sks in Resources */ = {isa = PBXBuildFile; fileRef = 63FCB9832309680F00E286EC /* GameScene.sks */; };
		63FCB9882309680F00E286EC /* GameScene.swift in Sources */ = {isa = PBXBuildFile; fileRef = 63FCB9872309680F00E286EC /* GameScene.swift */; };
		63FCB98A2309680F00E286EC /* GameViewController.swift in Sources */ = {isa = PBXBuildFile; fileRef = 63FCB9892309680F00E286EC /* GameViewController.swift */; };
		63FCB98D2309680F00E286EC /* Main.storyboard in Resources */ = {isa = PBXBuildFile; fileRef = 63FCB98B2309680F00E286EC /* Main.storyboard */; };
		63FCB98F2309681000E286EC /* Assets.xcassets in Resources */ = {isa = PBXBuildFile; fileRef = 63FCB98E2309681000E286EC /* Assets.xcassets */; };
		63FCB9922309681000E286EC /* LaunchScreen.storyboard in Resources */ = {isa = PBXBuildFile; fileRef = 63FCB9902309681000E286EC /* LaunchScreen.storyboard */; };
		63FCB99B230968B700E286EC /* whack.caf in Resources */ = {isa = PBXBuildFile; fileRef = 63FCB999230968B700E286EC /* whack.caf */; };
		63FCB99C230968B700E286EC /* whackBad.caf in Resources */ = {isa = PBXBuildFile; fileRef = 63FCB99A230968B700E286EC /* whackBad.caf */; };
		63FCB99E23096BD900E286EC /* WhackSlot.swift in Sources */ = {isa = PBXBuildFile; fileRef = 63FCB99D23096BD900E286EC /* WhackSlot.swift */; };
/* End PBXBuildFile section */

/* Begin PBXFileReference section */
		2E6B5287230ADDF6008BF156 /* GameOver.caf */ = {isa = PBXFileReference; lastKnownFileType = file; path = GameOver.caf; sourceTree = "<group>"; };
		2E6B528F230AE568008BF156 /* Smoke.sks */ = {isa = PBXFileReference; lastKnownFileType = file.sks; path = Smoke.sks; sourceTree = "<group>"; };
		2E6B5291230AE59E008BF156 /* Mud.sks */ = {isa = PBXFileReference; lastKnownFileType = file.sks; path = Mud.sks; sourceTree = "<group>"; };
		63FCB97E2309680F00E286EC /* Project14.app */ = {isa = PBXFileReference; explicitFileType = wrapper.application; includeInIndex = 0; path = Project14.app; sourceTree = BUILT_PRODUCTS_DIR; };
		63FCB9812309680F00E286EC /* AppDelegate.swift */ = {isa = PBXFileReference; lastKnownFileType = sourcecode.swift; path = AppDelegate.swift; sourceTree = "<group>"; };
		63FCB9832309680F00E286EC /* GameScene.sks */ = {isa = PBXFileReference; lastKnownFileType = file.sks; path = GameScene.sks; sourceTree = "<group>"; };
		63FCB9872309680F00E286EC /* GameScene.swift */ = {isa = PBXFileReference; lastKnownFileType = sourcecode.swift; path = GameScene.swift; sourceTree = "<group>"; };
		63FCB9892309680F00E286EC /* GameViewController.swift */ = {isa = PBXFileReference; lastKnownFileType = sourcecode.swift; path = GameViewController.swift; sourceTree = "<group>"; };
		63FCB98C2309680F00E286EC /* Base */ = {isa = PBXFileReference; lastKnownFileType = file.storyboard; name = Base; path = Base.lproj/Main.storyboard; sourceTree = "<group>"; };
		63FCB98E2309681000E286EC /* Assets.xcassets */ = {isa = PBXFileReference; lastKnownFileType = folder.assetcatalog; path = Assets.xcassets; sourceTree = "<group>"; };
		63FCB9912309681000E286EC /* Base */ = {isa = PBXFileReference; lastKnownFileType = file.storyboard; name = Base; path = Base.lproj/LaunchScreen.storyboard; sourceTree = "<group>"; };
		63FCB9932309681000E286EC /* Info.plist */ = {isa = PBXFileReference; lastKnownFileType = text.plist.xml; path = Info.plist; sourceTree = "<group>"; };
		63FCB999230968B700E286EC /* whack.caf */ = {isa = PBXFileReference; lastKnownFileType = file; path = whack.caf; sourceTree = "<group>"; };
		63FCB99A230968B700E286EC /* whackBad.caf */ = {isa = PBXFileReference; lastKnownFileType = file; path = whackBad.caf; sourceTree = "<group>"; };
		63FCB99D23096BD900E286EC /* WhackSlot.swift */ = {isa = PBXFileReference; lastKnownFileType = sourcecode.swift; path = WhackSlot.swift; sourceTree = "<group>"; };
/* End PBXFileReference section */

/* Begin PBXFrameworksBuildPhase section */
		63FCB97B2309680F00E286EC /* Frameworks */ = {
			isa = PBXFrameworksBuildPhase;
			buildActionMask = 2147483647;
			files = (
			);
			runOnlyForDeploymentPostprocessing = 0;
		};
/* End PBXFrameworksBuildPhase section */

/* Begin PBXGroup section */
		63FCB9752309680F00E286EC = {
			isa = PBXGroup;
			children = (
				63FCB9802309680F00E286EC /* Project14 */,
				63FCB97F2309680F00E286EC /* Products */,
			);
			sourceTree = "<group>";
		};
		63FCB97F2309680F00E286EC /* Products */ = {
			isa = PBXGroup;
			children = (
				63FCB97E2309680F00E286EC /* Project14.app */,
			);
			name = Products;
			sourceTree = "<group>";
		};
		63FCB9802309680F00E286EC /* Project14 */ = {
			isa = PBXGroup;
			children = (
				63FCB9812309680F00E286EC /* AppDelegate.swift */,
				63FCB9832309680F00E286EC /* GameScene.sks */,
				63FCB9872309680F00E286EC /* GameScene.swift */,
				63FCB9892309680F00E286EC /* GameViewController.swift */,
				63FCB98B2309680F00E286EC /* Main.storyboard */,
				63FCB98E2309681000E286EC /* Assets.xcassets */,
				63FCB9902309681000E286EC /* LaunchScreen.storyboard */,
				63FCB9932309681000E286EC /* Info.plist */,
				2E6B528F230AE568008BF156 /* Smoke.sks */,
				2E6B5291230AE59E008BF156 /* Mud.sks */,
				63FCB999230968B700E286EC /* whack.caf */,
				63FCB99A230968B700E286EC /* whackBad.caf */,
				63FCB99D23096BD900E286EC /* WhackSlot.swift */,
				2E6B5287230ADDF6008BF156 /* GameOver.caf */,
			);
			path = Project14;
			sourceTree = "<group>";
		};
/* End PBXGroup section */

/* Begin PBXNativeTarget section */
		63FCB97D2309680F00E286EC /* Project14 */ = {
			isa = PBXNativeTarget;
			buildConfigurationList = 63FCB9962309681000E286EC /* Build configuration list for PBXNativeTarget "Project14" */;
			buildPhases = (
				63FCB97A2309680F00E286EC /* Sources */,
				63FCB97B2309680F00E286EC /* Frameworks */,
				63FCB97C2309680F00E286EC /* Resources */,
			);
			buildRules = (
			);
			dependencies = (
			);
			name = Project14;
			productName = Project14;
			productReference = 63FCB97E2309680F00E286EC /* Project14.app */;
			productType = "com.apple.product-type.application";
		};
/* End PBXNativeTarget section */

/* Begin PBXProject section */
		63FCB9762309680F00E286EC /* Project object */ = {
			isa = PBXProject;
			attributes = {
				LastSwiftUpdateCheck = 1100;
				LastUpgradeCheck = 1100;
				ORGANIZATIONNAME = "Go Incremental";
				TargetAttributes = {
					63FCB97D2309680F00E286EC = {
						CreatedOnToolsVersion = 11.0;
					};
				};
			};
			buildConfigurationList = 63FCB9792309680F00E286EC /* Build configuration list for PBXProject "Project14" */;
			compatibilityVersion = "Xcode 9.3";
			developmentRegion = en;
			hasScannedForEncodings = 0;
			knownRegions = (
				en,
				Base,
			);
			mainGroup = 63FCB9752309680F00E286EC;
			productRefGroup = 63FCB97F2309680F00E286EC /* Products */;
			projectDirPath = "";
			projectRoot = "";
			targets = (
				63FCB97D2309680F00E286EC /* Project14 */,
			);
		};
/* End PBXProject section */

/* Begin PBXResourcesBuildPhase section */
		63FCB97C2309680F00E286EC /* Resources */ = {
			isa = PBXResourcesBuildPhase;
			buildActionMask = 2147483647;
			files = (
				63FCB98D2309680F00E286EC /* Main.storyboard in Resources */,
				63FCB99B230968B700E286EC /* whack.caf in Resources */,
				63FCB9842309680F00E286EC /* GameScene.sks in Resources */,
				63FCB98F2309681000E286EC /* Assets.xcassets in Resources */,
				63FCB9922309681000E286EC /* LaunchScreen.storyboard in Resources */,
				63FCB99C230968B700E286EC /* whackBad.caf in Resources */,
				2E6B5292230AE59E008BF156 /* Mud.sks in Resources */,
				2E6B5288230ADDF6008BF156 /* GameOver.caf in Resources */,
				2E6B5290230AE568008BF156 /* Smoke.sks in Resources */,
			);
			runOnlyForDeploymentPostprocessing = 0;
		};
/* End PBXResourcesBuildPhase section */

/* Begin PBXSourcesBuildPhase section */
		63FCB97A2309680F00E286EC /* Sources */ = {
			isa = PBXSourcesBuildPhase;
			buildActionMask = 2147483647;
			files = (
				63FCB9882309680F00E286EC /* GameScene.swift in Sources */,
				63FCB98A2309680F00E286EC /* GameViewController.swift in Sources */,
				63FCB99E23096BD900E286EC /* WhackSlot.swift in Sources */,
				63FCB9822309680F00E286EC /* AppDelegate.swift in Sources */,
			);
			runOnlyForDeploymentPostprocessing = 0;
		};
/* End PBXSourcesBuildPhase section */

/* Begin PBXVariantGroup section */
		63FCB98B2309680F00E286EC /* Main.storyboard */ = {
			isa = PBXVariantGroup;
			children = (
				63FCB98C2309680F00E286EC /* Base */,
			);
			name = Main.storyboard;
			sourceTree = "<group>";
		};
		63FCB9902309681000E286EC /* LaunchScreen.storyboard */ = {
			isa = PBXVariantGroup;
			children = (
				63FCB9912309681000E286EC /* Base */,
			);
			name = LaunchScreen.storyboard;
			sourceTree = "<group>";
		};
/* End PBXVariantGroup section */

/* Begin XCBuildConfiguration section */
		63FCB9942309681000E286EC /* Debug */ = {
			isa = XCBuildConfiguration;
			buildSettings = {
				ALWAYS_SEARCH_USER_PATHS = NO;
				CLANG_ANALYZER_NONNULL = YES;
				CLANG_ANALYZER_NUMBER_OBJECT_CONVERSION = YES_AGGRESSIVE;
				CLANG_CXX_LANGUAGE_STANDARD = "gnu++14";
				CLANG_CXX_LIBRARY = "libc++";
				CLANG_ENABLE_MODULES = YES;
				CLANG_ENABLE_OBJC_ARC = YES;
				CLANG_ENABLE_OBJC_WEAK = YES;
				CLANG_WARN_BLOCK_CAPTURE_AUTORELEASING = YES;
				CLANG_WARN_BOOL_CONVERSION = YES;
				CLANG_WARN_COMMA = YES;
				CLANG_WARN_CONSTANT_CONVERSION = YES;
				CLANG_WARN_DEPRECATED_OBJC_IMPLEMENTATIONS = YES;
				CLANG_WARN_DIRECT_OBJC_ISA_USAGE = YES_ERROR;
				CLANG_WARN_DOCUMENTATION_COMMENTS = YES;
				CLANG_WARN_EMPTY_BODY = YES;
				CLANG_WARN_ENUM_CONVERSION = YES;
				CLANG_WARN_INFINITE_RECURSION = YES;
				CLANG_WARN_INT_CONVERSION = YES;
				CLANG_WARN_NON_LITERAL_NULL_CONVERSION = YES;
				CLANG_WARN_OBJC_IMPLICIT_RETAIN_SELF = YES;
				CLANG_WARN_OBJC_LITERAL_CONVERSION = YES;
				CLANG_WARN_OBJC_ROOT_CLASS = YES_ERROR;
				CLANG_WARN_RANGE_LOOP_ANALYSIS = YES;
				CLANG_WARN_STRICT_PROTOTYPES = YES;
				CLANG_WARN_SUSPICIOUS_MOVE = YES;
				CLANG_WARN_UNGUARDED_AVAILABILITY = YES_AGGRESSIVE;
				CLANG_WARN_UNREACHABLE_CODE = YES;
				CLANG_WARN__DUPLICATE_METHOD_MATCH = YES;
				COPY_PHASE_STRIP = NO;
				DEBUG_INFORMATION_FORMAT = dwarf;
				ENABLE_STRICT_OBJC_MSGSEND = YES;
				ENABLE_TESTABILITY = YES;
				GCC_C_LANGUAGE_STANDARD = gnu11;
				GCC_DYNAMIC_NO_PIC = NO;
				GCC_NO_COMMON_BLOCKS = YES;
				GCC_OPTIMIZATION_LEVEL = 0;
				GCC_PREPROCESSOR_DEFINITIONS = (
					"DEBUG=1",
					"$(inherited)",
				);
				GCC_WARN_64_TO_32_BIT_CONVERSION = YES;
				GCC_WARN_ABOUT_RETURN_TYPE = YES_ERROR;
				GCC_WARN_UNDECLARED_SELECTOR = YES;
				GCC_WARN_UNINITIALIZED_AUTOS = YES_AGGRESSIVE;
				GCC_WARN_UNUSED_FUNCTION = YES;
				GCC_WARN_UNUSED_VARIABLE = YES;
				IPHONEOS_DEPLOYMENT_TARGET = 13.0;
				MTL_ENABLE_DEBUG_INFO = INCLUDE_SOURCE;
				MTL_FAST_MATH = YES;
				ONLY_ACTIVE_ARCH = YES;
				SDKROOT = iphoneos;
				SWIFT_ACTIVE_COMPILATION_CONDITIONS = DEBUG;
				SWIFT_OPTIMIZATION_LEVEL = "-Onone";
			};
			name = Debug;
		};
		63FCB9952309681000E286EC /* Release */ = {
			isa = XCBuildConfiguration;
			buildSettings = {
				ALWAYS_SEARCH_USER_PATHS = NO;
				CLANG_ANALYZER_NONNULL = YES;
				CLANG_ANALYZER_NUMBER_OBJECT_CONVERSION = YES_AGGRESSIVE;
				CLANG_CXX_LANGUAGE_STANDARD = "gnu++14";
				CLANG_CXX_LIBRARY = "libc++";
				CLANG_ENABLE_MODULES = YES;
				CLANG_ENABLE_OBJC_ARC = YES;
				CLANG_ENABLE_OBJC_WEAK = YES;
				CLANG_WARN_BLOCK_CAPTURE_AUTORELEASING = YES;
				CLANG_WARN_BOOL_CONVERSION = YES;
				CLANG_WARN_COMMA = YES;
				CLANG_WARN_CONSTANT_CONVERSION = YES;
				CLANG_WARN_DEPRECATED_OBJC_IMPLEMENTATIONS = YES;
				CLANG_WARN_DIRECT_OBJC_ISA_USAGE = YES_ERROR;
				CLANG_WARN_DOCUMENTATION_COMMENTS = YES;
				CLANG_WARN_EMPTY_BODY = YES;
				CLANG_WARN_ENUM_CONVERSION = YES;
				CLANG_WARN_INFINITE_RECURSION = YES;
				CLANG_WARN_INT_CONVERSION = YES;
				CLANG_WARN_NON_LITERAL_NULL_CONVERSION = YES;
				CLANG_WARN_OBJC_IMPLICIT_RETAIN_SELF = YES;
				CLANG_WARN_OBJC_LITERAL_CONVERSION = YES;
				CLANG_WARN_OBJC_ROOT_CLASS = YES_ERROR;
				CLANG_WARN_RANGE_LOOP_ANALYSIS = YES;
				CLANG_WARN_STRICT_PROTOTYPES = YES;
				CLANG_WARN_SUSPICIOUS_MOVE = YES;
				CLANG_WARN_UNGUARDED_AVAILABILITY = YES_AGGRESSIVE;
				CLANG_WARN_UNREACHABLE_CODE = YES;
				CLANG_WARN__DUPLICATE_METHOD_MATCH = YES;
				COPY_PHASE_STRIP = NO;
				DEBUG_INFORMATION_FORMAT = "dwarf-with-dsym";
				ENABLE_NS_ASSERTIONS = NO;
				ENABLE_STRICT_OBJC_MSGSEND = YES;
				GCC_C_LANGUAGE_STANDARD = gnu11;
				GCC_NO_COMMON_BLOCKS = YES;
				GCC_WARN_64_TO_32_BIT_CONVERSION = YES;
				GCC_WARN_ABOUT_RETURN_TYPE = YES_ERROR;
				GCC_WARN_UNDECLARED_SELECTOR = YES;
				GCC_WARN_UNINITIALIZED_AUTOS = YES_AGGRESSIVE;
				GCC_WARN_UNUSED_FUNCTION = YES;
				GCC_WARN_UNUSED_VARIABLE = YES;
				IPHONEOS_DEPLOYMENT_TARGET = 13.0;
				MTL_ENABLE_DEBUG_INFO = NO;
				MTL_FAST_MATH = YES;
				SDKROOT = iphoneos;
				SWIFT_COMPILATION_MODE = wholemodule;
				SWIFT_OPTIMIZATION_LEVEL = "-O";
				VALIDATE_PRODUCT = YES;
			};
			name = Release;
		};
		63FCB9972309681000E286EC /* Debug */ = {
			isa = XCBuildConfiguration;
			buildSettings = {
				ASSETCATALOG_COMPILER_APPICON_NAME = AppIcon;
				CODE_SIGN_STYLE = Automatic;
				DEVELOPMENT_TEAM = FEN6WTMSLU;
				INFOPLIST_FILE = Project14/Info.plist;
				IPHONEOS_DEPLOYMENT_TARGET = 12.3;
				LD_RUNPATH_SEARCH_PATHS = (
					"$(inherited)",
					"@executable_path/Frameworks",
				);
				PRODUCT_BUNDLE_IDENTIFIER = com.goincremental.Project14;
				PRODUCT_NAME = "$(TARGET_NAME)";
				SWIFT_VERSION = 5.0;
				TARGETED_DEVICE_FAMILY = 2;
			};
			name = Debug;
		};
		63FCB9982309681000E286EC /* Release */ = {
			isa = XCBuildConfiguration;
			buildSettings = {
				ASSETCATALOG_COMPILER_APPICON_NAME = AppIcon;
				CODE_SIGN_STYLE = Automatic;
				DEVELOPMENT_TEAM = FEN6WTMSLU;
				INFOPLIST_FILE = Project14/Info.plist;
				IPHONEOS_DEPLOYMENT_TARGET = 12.3;
				LD_RUNPATH_SEARCH_PATHS = (
					"$(inherited)",
					"@executable_path/Frameworks",
				);
				PRODUCT_BUNDLE_IDENTIFIER = com.goincremental.Project14;
				PRODUCT_NAME = "$(TARGET_NAME)";
				SWIFT_VERSION = 5.0;
				TARGETED_DEVICE_FAMILY = 2;
			};
			name = Release;
		};
/* End XCBuildConfiguration section */

/* Begin XCConfigurationList section */
		63FCB9792309680F00E286EC /* Build configuration list for PBXProject "Project14" */ = {
			isa = XCConfigurationList;
			buildConfigurations = (
				63FCB9942309681000E286EC /* Debug */,
				63FCB9952309681000E286EC /* Release */,
			);
			defaultConfigurationIsVisible = 0;
			defaultConfigurationName = Release;
		};
		63FCB9962309681000E286EC /* Build configuration list for PBXNativeTarget "Project14" */ = {
			isa = XCConfigurationList;
			buildConfigurations = (
				63FCB9972309681000E286EC /* Debug */,
				63FCB9982309681000E286EC /* Release */,
			);
			defaultConfigurationIsVisible = 0;
			defaultConfigurationName = Release;
		};
/* End XCConfigurationList section */
	};
	rootObject = 63FCB9762309680F00E286EC /* Project object */;
}
